schema: '2.0'
stages:
  data_ingestion:
    cmd: python src/cnnClassifier/pipeline/stage_01_data_ingestion.py
    deps:
    - path: config/config.yaml
      hash: md5
      md5: d513bd653eb0e99eaa85ac6b885a37a2
      size: 582
    - path: src/cnnClassifier/pipeline/stage_01_data_ingestion.py
      hash: md5
      md5: caf501a7205ba64b6d4426666570432c
      size: 908
    outs:
    - path: artifacts/data_ingestion/CT-KIDNEY-DATASET-Normal-Cyst-Tumor-Stone
      hash: md5
      md5: 480f02db6967e2017d804fca0430c1a4.dir
      size: 1661580918
      nfiles: 12446
  prepare_base_model:
    cmd: python src/cnnClassifier/pipeline/stage_02_prepare_base_model.py
    deps:
    - path: config/config.yaml
      hash: md5
      md5: d513bd653eb0e99eaa85ac6b885a37a2
      size: 582
    - path: src/cnnClassifier/components/prepare_base_model.py
      hash: md5
      md5: 926068556a24c554892c4ebee583342a
      size: 2534
    - path: src/cnnClassifier/pipeline/stage_02_prepare_base_model.py
      hash: md5
      md5: e8e39a301f4b90d1b4f2c86acc66ef32
      size: 999
    params:
      params.yaml:
        CLASSES: 4
        IMAGE_SIZE:
        - 224
        - 224
        - 3
        INCLUDE_TOP: false
        LEARNING_RATE: 5e-05
        WEIGHTS: imagenet
    outs:
    - path: artifacts/prepare_base_model
      hash: md5
      md5: cee32061ad74352bf426abfa02426fb6.dir
      size: 189771800
      nfiles: 2
  training:
    cmd: python src/cnnClassifier/pipeline/stage_03_model_training.py
    deps:
    - path: artifacts/data_ingestion/CT-KIDNEY-DATASET-Normal-Cyst-Tumor-Stone
      hash: md5
      md5: 480f02db6967e2017d804fca0430c1a4.dir
      size: 1661580918
      nfiles: 12446
    - path: artifacts/prepare_base_model
      hash: md5
      md5: 8ba38f851c8d78d36c5a2782252b68be.dir
      size: 189771800
      nfiles: 2
    - path: config/config.yaml
      hash: md5
      md5: d513bd653eb0e99eaa85ac6b885a37a2
      size: 582
    - path: src/cnnClassifier/components/model_training.py
      hash: md5
      md5: 087a28ea0df783605a66a65443fb7e9e
      size: 2404
    - path: src/cnnClassifier/pipeline/stage_03_model_training.py
      hash: md5
      md5: 0b5d68d520496bb7c1c8f5b3d7888dde
      size: 927
    params:
      params.yaml:
        AUGMENTATION: true
        BATCH_SIZE: 16
        EPOCHS: 30
        IMAGE_SIZE:
        - 224
        - 224
        - 3
    outs:
    - path: artifacts/training/model.h5
      hash: md5
      md5: 1c3d597894436058610f893c05459a02
      size: 103423184
  evaluation:
    cmd: python src/cnnClassifier/pipeline/stage_04_model_evaluation.py
    deps:
    - path: artifacts/data_ingestion/CT-KIDNEY-DATASET-Normal-Cyst-Tumor-Stone
      hash: md5
      md5: 480f02db6967e2017d804fca0430c1a4.dir
      size: 1661580918
      nfiles: 12446
    - path: artifacts/training/model.h5
      hash: md5
      md5: 1c3d597894436058610f893c05459a02
      size: 103423184
    - path: config/config.yaml
      hash: md5
      md5: d513bd653eb0e99eaa85ac6b885a37a2
      size: 582
    - path: src/cnnClassifier/components/model_evaluation_mlflow.py
      hash: md5
      md5: 6233ac4df89b1d730de94488782c1b23
      size: 3700
    - path: src/cnnClassifier/pipeline/stage_04_model_evaluation.py
      hash: md5
      md5: 3fceb4ac4bd09ba9900e1833534af160
      size: 936
    params:
      params.yaml:
        BATCH_SIZE: 16
        IMAGE_SIZE:
        - 224
        - 224
        - 3
    outs:
    - path: scores.json
      hash: md5
      md5: 0a36999f43440dbca523925c92eeb4ef
      size: 183
